
Microsoft Visual Studio Solution File, Format Version 12.00
# Visual Studio 15
Project("{FAE04EC0-301F-11D3-BF4B-00C04F79EFBC}") = "Assembly-CSharp", "Assembly-CSharp.csproj", "{CADA6886-D1D0-7EC4-7159-3B70456F68A1}"
EndProject
Project("{FAE04EC0-301F-11D3-BF4B-00C04F79EFBC}") = "Assembly-CSharp-Editor", "Assembly-CSharp-Editor.csproj", "{2AFB5748-0B48-E722-C4A3-D2B0F0F12089}"
EndProject
Global
	GlobalSection(SolutionConfigurationPlatforms) = preSolution
		Debug|Any CPU = Debug|Any CPU
		Release|Any CPU = Release|Any CPU
	EndGlobalSection
	GlobalSection(ProjectConfigurationPlatforms) = postSolution
		{CADA6886-D1D0-7EC4-7159-3B70456F68A1}.Debug|Any CPU.ActiveCfg = Debug|Any CPU
		{CADA6886-D1D0-7EC4-7159-3B70456F68A1}.Debug|Any CPU.Build.0 = Debug|Any CPU
		{CADA6886-D1D0-7EC4-7159-3B70456F68A1}.Release|Any CPU.ActiveCfg = Release|Any CPU
		{CADA6886-D1D0-7EC4-7159-3B70456F68A1}.Release|Any CPU.Build.0 = Release|Any CPU
		{2AFB5748-0B48-E722-C4A3-D2B0F0F12089}.Debug|Any CPU.ActiveCfg = Debug|Any CPU
		{2AFB5748-0B48-E722-C4A3-D2B0F0F12089}.Debug|Any CPU.Build.0 = Debug|Any CPU
		{2AFB5748-0B48-E722-C4A3-D2B0F0F12089}.Release|Any CPU.ActiveCfg = Release|Any CPU
		{2AFB5748-0B48-E722-C4A3-D2B0F0F12089}.Release|Any CPU.Build.0 = Release|Any CPU
	EndGlobalSection
	GlobalSection(SolutionProperties) = preSolution
		HideSolutionNode = FALSE
	EndGlobalSection
EndGlobal
